// !$*UTF8*$!
{
	archiveVersion = 1;
	classes = {
	};
	objectVersion = 50;
	objects = {

/* Begin PBXBuildFile section */
		5BE662E9245FC43000D8F00E /* AppDelegate.swift in Sources */ = {isa = PBXBuildFile; fileRef = 5BE662E8245FC43000D8F00E /* AppDelegate.swift */; };
		5BE662EB245FC43000D8F00E /* SceneDelegate.swift in Sources */ = {isa = PBXBuildFile; fileRef = 5BE662EA245FC43000D8F00E /* SceneDelegate.swift */; };
		5BE662ED245FC43000D8F00E /* ViewController.swift in Sources */ = {isa = PBXBuildFile; fileRef = 5BE662EC245FC43000D8F00E /* ViewController.swift */; };
		5BE662F0245FC43000D8F00E /* Main.storyboard in Resources */ = {isa = PBXBuildFile; fileRef = 5BE662EE245FC43000D8F00E /* Main.storyboard */; };
		5BE662F2245FC43400D8F00E /* Assets.xcassets in Resources */ = {isa = PBXBuildFile; fileRef = 5BE662F1245FC43400D8F00E /* Assets.xcassets */; };
		5BE662F5245FC43400D8F00E /* LaunchScreen.storyboard in Resources */ = {isa = PBXBuildFile; fileRef = 5BE662F3245FC43400D8F00E /* LaunchScreen.storyboard */; };
		5BE66300245FC43400D8F00E /* ToDoListTests.swift in Sources */ = {isa = PBXBuildFile; fileRef = 5BE662FF245FC43400D8F00E /* ToDoListTests.swift */; };
		5BE6630B245FC43400D8F00E /* ToDoListUITests.swift in Sources */ = {isa = PBXBuildFile; fileRef = 5BE6630A245FC43400D8F00E /* ToDoListUITests.swift */; };
/* End PBXBuildFile section */

/* Begin PBXContainerItemProxy section */
		5BE662FC245FC43400D8F00E /* PBXContainerItemProxy */ = {
			isa = PBXContainerItemProxy;
			containerPortal = 5BE662DD245FC43000D8F00E /* Project object */;
			proxyType = 1;
			remoteGlobalIDString = 5BE662E4245FC43000D8F00E;
			remoteInfo = ToDoList;
		};
		5BE66307245FC43400D8F00E /* PBXContainerItemProxy */ = {
			isa = PBXContainerItemProxy;
			containerPortal = 5BE662DD245FC43000D8F00E /* Project object */;
			proxyType = 1;
			remoteGlobalIDString = 5BE662E4245FC43000D8F00E;
			remoteInfo = ToDoList;
		};
/* End PBXContainerItemProxy section */

/* Begin PBXFileReference section */
		5BE662E5245FC43000D8F00E /* ToDoList.app */ = {isa = PBXFileReference; explicitFileType = wrapper.application; includeInIndex = 0; path = ToDoList.app; sourceTree = BUILT_PRODUCTS_DIR; };
		5BE662E8245FC43000D8F00E /* AppDelegate.swift */ = {isa = PBXFileReference; lastKnownFileType = sourcecode.swift; path = AppDelegate.swift; sourceTree = "<group>"; };
		5BE662EA245FC43000D8F00E /* SceneDelegate.swift */ = {isa = PBXFileReference; lastKnownFileType = sourcecode.swift; path = SceneDelegate.swift; sourceTree = "<group>"; };
		5BE662EC245FC43000D8F00E /* ViewController.swift */ = {isa = PBXFileReference; lastKnownFileType = sourcecode.swift; path = ViewController.swift; sourceTree = "<group>"; };
		5BE662EF245FC43000D8F00E /* Base */ = {isa = PBXFileReference; lastKnownFileType = file.storyboard; name = Base; path = Base.lproj/Main.storyboard; sourceTree = "<group>"; };
		5BE662F1245FC43400D8F00E /* Assets.xcassets */ = {isa = PBXFileReference; lastKnownFileType = folder.assetcatalog; path = Assets.xcassets; sourceTree = "<group>"; };
		5BE662F4245FC43400D8F00E /* Base */ = {isa = PBXFileReference; lastKnownFileType = file.storyboard; name = Base; path = Base.lproj/LaunchScreen.storyboard; sourceTree = "<group>"; };
		5BE662F6245FC43400D8F00E /* Info.plist */ = {isa = PBXFileReference; lastKnownFileType = text.plist.xml; path = Info.plist; sourceTree = "<group>"; };
		5BE662FB245FC43400D8F00E /* ToDoListTests.xctest */ = {isa = PBXFileReference; explicitFileType = wrapper.cfbundle; includeInIndex = 0; path = ToDoListTests.xctest; sourceTree = BUILT_PRODUCTS_DIR; };
		5BE662FF245FC43400D8F00E /* ToDoListTests.swift */ = {isa = PBXFileReference; lastKnownFileType = sourcecode.swift; path = ToDoListTests.swift; sourceTree = "<group>"; };
		5BE66301245FC43400D8F00E /* Info.plist */ = {isa = PBXFileReference; lastKnownFileType = text.plist.xml; path = Info.plist; sourceTree = "<group>"; };
		5BE66306245FC43400D8F00E /* ToDoListUITests.xctest */ = {isa = PBXFileReference; explicitFileType = wrapper.cfbundle; includeInIndex = 0; path = ToDoListUITests.xctest; sourceTree = BUILT_PRODUCTS_DIR; };
		5BE6630A245FC43400D8F00E /* ToDoListUITests.swift */ = {isa = PBXFileReference; lastKnownFileType = sourcecode.swift; path = ToDoListUITests.swift; sourceTree = "<group>"; };
		5BE6630C245FC43400D8F00E /* Info.plist */ = {isa = PBXFileReference; lastKnownFileType = text.plist.xml; path = Info.plist; sourceTree = "<group>"; };
/* End PBXFileReference section */

/* Begin PBXFrameworksBuildPhase section */
		5BE662E2245FC43000D8F00E /* Frameworks */ = {
			isa = PBXFrameworksBuildPhase;
			buildActionMask = 2147483647;
			files = (
			);
			runOnlyForDeploymentPostprocessing = 0;
		};
		5BE662F8245FC43400D8F00E /* Frameworks */ = {
			isa = PBXFrameworksBuildPhase;
			buildActionMask = 2147483647;
			files = (
			);
			runOnlyForDeploymentPostprocessing = 0;
		};
		5BE66303245FC43400D8F00E /* Frameworks */ = {
			isa = PBXFrameworksBuildPhase;
			buildActionMask = 2147483647;
			files = (
			);
			runOnlyForDeploymentPostprocessing = 0;
		};
/* End PBXFrameworksBuildPhase section */

/* Begin PBXGroup section */
		5BE662DC245FC43000D8F00E = {
			isa = PBXGroup;
			children = (
				5BE662E7245FC43000D8F00E /* ToDoList */,
				5BE662FE245FC43400D8F00E /* ToDoListTests */,
				5BE66309245FC43400D8F00E /* ToDoListUITests */,
				5BE662E6245FC43000D8F00E /* Products */,
			);
			sourceTree = "<group>";
		};
		5BE662E6245FC43000D8F00E /* Products */ = {
			isa = PBXGroup;
			children = (
				5BE662E5245FC43000D8F00E /* ToDoList.app */,
				5BE662FB245FC43400D8F00E /* ToDoListTests.xctest */,
				5BE66306245FC43400D8F00E /* ToDoListUITests.xctest */,
			);
			name = Products;
			sourceTree = "<group>";
		};
		5BE662E7245FC43000D8F00E /* ToDoList */ = {
			isa = PBXGroup;
			children = (
				5BE662E8245FC43000D8F00E /* AppDelegate.swift */,
				5BE662EA245FC43000D8F00E /* SceneDelegate.swift */,
				5BE662EC245FC43000D8F00E /* ViewController.swift */,
				5BE662EE245FC43000D8F00E /* Main.storyboard */,
				5BE662F1245FC43400D8F00E /* Assets.xcassets */,
				5BE662F3245FC43400D8F00E /* LaunchScreen.storyboard */,
				5BE662F6245FC43400D8F00E /* Info.plist */,
			);
			path = ToDoList;
			sourceTree = "<group>";
		};
		5BE662FE245FC43400D8F00E /* ToDoListTests */ = {
			isa = PBXGroup;
			children = (
				5BE662FF245FC43400D8F00E /* ToDoListTests.swift */,
				5BE66301245FC43400D8F00E /* Info.plist */,
			);
			path = ToDoListTests;
			sourceTree = "<group>";
		};
		5BE66309245FC43400D8F00E /* ToDoListUITests */ = {
			isa = PBXGroup;
			children = (
				5BE6630A245FC43400D8F00E /* ToDoListUITests.swift */,
				5BE6630C245FC43400D8F00E /* Info.plist */,
			);
			path = ToDoListUITests;
			sourceTree = "<group>";
		};
/* End PBXGroup section */

/* Begin PBXNativeTarget section */
		5BE662E4245FC43000D8F00E /* ToDoList */ = {
			isa = PBXNativeTarget;
			buildConfigurationList = 5BE6630F245FC43400D8F00E /* Build configuration list for PBXNativeTarget "ToDoList" */;
			buildPhases = (
				5BE662E1245FC43000D8F00E /* Sources */,
				5BE662E2245FC43000D8F00E /* Frameworks */,
				5BE662E3245FC43000D8F00E /* Resources */,
			);
			buildRules = (
			);
			dependencies = (
			);
			name = ToDoList;
			productName = ToDoList;
			productReference = 5BE662E5245FC43000D8F00E /* ToDoList.app */;
			productType = "com.apple.product-type.application";
		};
		5BE662FA245FC43400D8F00E /* ToDoListTests */ = {
			isa = PBXNativeTarget;
			buildConfigurationList = 5BE66312245FC43400D8F00E /* Build configuration list for PBXNativeTarget "ToDoListTests" */;
			buildPhases = (
				5BE662F7245FC43400D8F00E /* Sources */,
				5BE662F8245FC43400D8F00E /* Frameworks */,
				5BE662F9245FC43400D8F00E /* Resources */,
			);
			buildRules = (
			);
			dependencies = (
				5BE662FD245FC43400D8F00E /* PBXTargetDependency */,
			);
			name = ToDoListTests;
			productName = ToDoListTests;
			productReference = 5BE662FB245FC43400D8F00E /* ToDoListTests.xctest */;
			productType = "com.apple.product-type.bundle.unit-test";
		};
		5BE66305245FC43400D8F00E /* ToDoListUITests */ = {
			isa = PBXNativeTarget;
			buildConfigurationList = 5BE66315245FC43400D8F00E /* Build configuration list for PBXNativeTarget "ToDoListUITests" */;
			buildPhases = (
				5BE66302245FC43400D8F00E /* Sources */,
				5BE66303245FC43400D8F00E /* Frameworks */,
				5BE66304245FC43400D8F00E /* Resources */,
			);
			buildRules = (
			);
			dependencies = (
				5BE66308245FC43400D8F00E /* PBXTargetDependency */,
			);
			name = ToDoListUITests;
			productName = ToDoListUITests;
			productReference = 5BE66306245FC43400D8F00E /* ToDoListUITests.xctest */;
			productType = "com.apple.product-type.bundle.ui-testing";
		};
/* End PBXNativeTarget section */

/* Begin PBXProject section */
		5BE662DD245FC43000D8F00E /* Project object */ = {
			isa = PBXProject;
			attributes = {
				LastSwiftUpdateCheck = 1130;
				LastUpgradeCheck = 1130;
				ORGANIZATIONNAME = "Joey Feazel";
				TargetAttributes = {
					5BE662E4245FC43000D8F00E = {
						CreatedOnToolsVersion = 11.3.1;
					};
					5BE662FA245FC43400D8F00E = {
						CreatedOnToolsVersion = 11.3.1;
						TestTargetID = 5BE662E4245FC43000D8F00E;
					};
					5BE66305245FC43400D8F00E = {
						CreatedOnToolsVersion = 11.3.1;
						TestTargetID = 5BE662E4245FC43000D8F00E;
					};
				};
			};
			buildConfigurationList = 5BE662E0245FC43000D8F00E /* Build configuration list for PBXProject "ToDoList" */;
			compatibilityVersion = "Xcode 9.3";
			developmentRegion = en;
			hasScannedForEncodings = 0;
			knownRegions = (
				en,
				Base,
			);
			mainGroup = 5BE662DC245FC43000D8F00E;
			productRefGroup = 5BE662E6245FC43000D8F00E /* Products */;
			projectDirPath = "";
			projectRoot = "";
			targets = (
				5BE662E4245FC43000D8F00E /* ToDoList */,
				5BE662FA245FC43400D8F00E /* ToDoListTests */,
				5BE66305245FC43400D8F00E /* ToDoListUITests */,
			);
		};
/* End PBXProject section */

/* Begin PBXResourcesBuildPhase section */
		5BE662E3245FC43000D8F00E /* Resources */ = {
			isa = PBXResourcesBuildPhase;
			buildActionMask = 2147483647;
			files = (
				5BE662F5245FC43400D8F00E /* LaunchScreen.storyboard in Resources */,
				5BE662F2245FC43400D8F00E /* Assets.xcassets in Resources */,
				5BE662F0245FC43000D8F00E /* Main.storyboard in Resources */,
			);
			runOnlyForDeploymentPostprocessing = 0;
		};
		5BE662F9245FC43400D8F00E /* Resources */ = {
			isa = PBXResourcesBuildPhase;
			buildActionMask = 2147483647;
			files = (
			);
			runOnlyForDeploymentPostprocessing = 0;
		};
		5BE66304245FC43400D8F00E /* Resources */ = {
			isa = PBXResourcesBuildPhase;
			buildActionMask = 2147483647;
			files = (
			);
			runOnlyForDeploymentPostprocessing = 0;
		};
/* End PBXResourcesBuildPhase section */

/* Begin PBXSourcesBuildPhase section */
		5BE662E1245FC43000D8F00E /* Sources */ = {
			isa = PBXSourcesBuildPhase;
			buildActionMask = 2147483647;
			files = (
				5BE662ED245FC43000D8F00E /* ViewController.swift in Sources */,
				5BE662E9245FC43000D8F00E /* AppDelegate.swift in Sources */,
				5BE662EB245FC43000D8F00E /* SceneDelegate.swift in Sources */,
			);
			runOnlyForDeploymentPostprocessing = 0;
		};
		5BE662F7245FC43400D8F00E /* Sources */ = {
			isa = PBXSourcesBuildPhase;
			buildActionMask = 2147483647;
			files = (
				5BE66300245FC43400D8F00E /* ToDoListTests.swift in Sources */,
			);
			runOnlyForDeploymentPostprocessing = 0;
		};
		5BE66302245FC43400D8F00E /* Sources */ = {
			isa = PBXSourcesBuildPhase;
			buildActionMask = 2147483647;
			files = (
				5BE6630B245FC43400D8F00E /* ToDoListUITests.swift in Sources */,
			);
			runOnlyForDeploymentPostprocessing = 0;
		};
/* End PBXSourcesBuildPhase section */

/* Begin PBXTargetDependency section */
		5BE662FD245FC43400D8F00E /* PBXTargetDependency */ = {
			isa = PBXTargetDependency;
			target = 5BE662E4245FC43000D8F00E /* ToDoList */;
			targetProxy = 5BE662FC245FC43400D8F00E /* PBXContainerItemProxy */;
		};
		5BE66308245FC43400D8F00E /* PBXTargetDependency */ = {
			isa = PBXTargetDependency;
			target = 5BE662E4245FC43000D8F00E /* ToDoList */;
			targetProxy = 5BE66307245FC43400D8F00E /* PBXContainerItemProxy */;
		};
/* End PBXTargetDependency section */

/* Begin PBXVariantGroup section */
		5BE662EE245FC43000D8F00E /* Main.storyboard */ = {
			isa = PBXVariantGroup;
			children = (
				5BE662EF245FC43000D8F00E /* Base */,
			);
			name = Main.storyboard;
			sourceTree = "<group>";
		};
		5BE662F3245FC43400D8F00E /* LaunchScreen.storyboard */ = {
			isa = PBXVariantGroup;
			children = (
				5BE662F4245FC43400D8F00E /* Base */,
			);
			name = LaunchScreen.storyboard;
			sourceTree = "<group>";
		};
/* End PBXVariantGroup section */

/* Begin XCBuildConfiguration section */
		5BE6630D245FC43400D8F00E /* Debug */ = {
			isa = XCBuildConfiguration;
			buildSettings = {
				ALWAYS_SEARCH_USER_PATHS = NO;
				CLANG_ANALYZER_NONNULL = YES;
				CLANG_ANALYZER_NUMBER_OBJECT_CONVERSION = YES_AGGRESSIVE;
				CLANG_CXX_LANGUAGE_STANDARD = "gnu++14";
				CLANG_CXX_LIBRARY = "libc++";
				CLANG_ENABLE_MODULES = YES;
				CLANG_ENABLE_OBJC_ARC = YES;
				CLANG_ENABLE_OBJC_WEAK = YES;
				CLANG_WARN_BLOCK_CAPTURE_AUTORELEASING = YES;
				CLANG_WARN_BOOL_CONVERSION = YES;
				CLANG_WARN_COMMA = YES;
				CLANG_WARN_CONSTANT_CONVERSION = YES;
				CLANG_WARN_DEPRECATED_OBJC_IMPLEMENTATIONS = YES;
				CLANG_WARN_DIRECT_OBJC_ISA_USAGE = YES_ERROR;
				CLANG_WARN_DOCUMENTATION_COMMENTS = YES;
				CLANG_WARN_EMPTY_BODY = YES;
				CLANG_WARN_ENUM_CONVERSION = YES;
				CLANG_WARN_INFINITE_RECURSION = YES;
				CLANG_WARN_INT_CONVERSION = YES;
				CLANG_WARN_NON_LITERAL_NULL_CONVERSION = YES;
				CLANG_WARN_OBJC_IMPLICIT_RETAIN_SELF = YES;
				CLANG_WARN_OBJC_LITERAL_CONVERSION = YES;
				CLANG_WARN_OBJC_ROOT_CLASS = YES_ERROR;
				CLANG_WARN_RANGE_LOOP_ANALYSIS = YES;
				CLANG_WARN_STRICT_PROTOTYPES = YES;
				CLANG_WARN_SUSPICIOUS_MOVE = YES;
				CLANG_WARN_UNGUARDED_AVAILABILITY = YES_AGGRESSIVE;
				CLANG_WARN_UNREACHABLE_CODE = YES;
				CLANG_WARN__DUPLICATE_METHOD_MATCH = YES;
				COPY_PHASE_STRIP = NO;
				DEBUG_INFORMATION_FORMAT = dwarf;
				ENABLE_STRICT_OBJC_MSGSEND = YES;
				ENABLE_TESTABILITY = YES;
				GCC_C_LANGUAGE_STANDARD = gnu11;
				GCC_DYNAMIC_NO_PIC = NO;
				GCC_NO_COMMON_BLOCKS = YES;
				GCC_OPTIMIZATION_LEVEL = 0;
				GCC_PREPROCESSOR_DEFINITIONS = (
					"DEBUG=1",
					"$(inherited)",
				);
				GCC_WARN_64_TO_32_BIT_CONVERSION = YES;
				GCC_WARN_ABOUT_RETURN_TYPE = YES_ERROR;
				GCC_WARN_UNDECLARED_SELECTOR = YES;
				GCC_WARN_UNINITIALIZED_AUTOS = YES_AGGRESSIVE;
				GCC_WARN_UNUSED_FUNCTION = YES;
				GCC_WARN_UNUSED_VARIABLE = YES;
				IPHONEOS_DEPLOYMENT_TARGET = 13.2;
				MTL_ENABLE_DEBUG_INFO = INCLUDE_SOURCE;
				MTL_FAST_MATH = YES;
				ONLY_ACTIVE_ARCH = YES;
				SDKROOT = iphoneos;
				SWIFT_ACTIVE_COMPILATION_CONDITIONS = DEBUG;
				SWIFT_OPTIMIZATION_LEVEL = "-Onone";
			};
			name = Debug;
		};
		5BE6630E245FC43400D8F00E /* Release */ = {
			isa = XCBuildConfiguration;
			buildSettings = {
				ALWAYS_SEARCH_USER_PATHS = NO;
				CLANG_ANALYZER_NONNULL = YES;
				CLANG_ANALYZER_NUMBER_OBJECT_CONVERSION = YES_AGGRESSIVE;
				CLANG_CXX_LANGUAGE_STANDARD = "gnu++14";
				CLANG_CXX_LIBRARY = "libc++";
				CLANG_ENABLE_MODULES = YES;
				CLANG_ENABLE_OBJC_ARC = YES;
				CLANG_ENABLE_OBJC_WEAK = YES;
				CLANG_WARN_BLOCK_CAPTURE_AUTORELEASING = YES;
				CLANG_WARN_BOOL_CONVERSION = YES;
				CLANG_WARN_COMMA = YES;
				CLANG_WARN_CONSTANT_CONVERSION = YES;
				CLANG_WARN_DEPRECATED_OBJC_IMPLEMENTATIONS = YES;
				CLANG_WARN_DIRECT_OBJC_ISA_USAGE = YES_ERROR;
				CLANG_WARN_DOCUMENTATION_COMMENTS = YES;
				CLANG_WARN_EMPTY_BODY = YES;
				CLANG_WARN_ENUM_CONVERSION = YES;
				CLANG_WARN_INFINITE_RECURSION = YES;
				CLANG_WARN_INT_CONVERSION = YES;
				CLANG_WARN_NON_LITERAL_NULL_CONVERSION = YES;
				CLANG_WARN_OBJC_IMPLICIT_RETAIN_SELF = YES;
				CLANG_WARN_OBJC_LITERAL_CONVERSION = YES;
				CLANG_WARN_OBJC_ROOT_CLASS = YES_ERROR;
				CLANG_WARN_RANGE_LOOP_ANALYSIS = YES;
				CLANG_WARN_STRICT_PROTOTYPES = YES;
				CLANG_WARN_SUSPICIOUS_MOVE = YES;
				CLANG_WARN_UNGUARDED_AVAILABILITY = YES_AGGRESSIVE;
				CLANG_WARN_UNREACHABLE_CODE = YES;
				CLANG_WARN__DUPLICATE_METHOD_MATCH = YES;
				COPY_PHASE_STRIP = NO;
				DEBUG_INFORMATION_FORMAT = "dwarf-with-dsym";
				ENABLE_NS_ASSERTIONS = NO;
				ENABLE_STRICT_OBJC_MSGSEND = YES;
				GCC_C_LANGUAGE_STANDARD = gnu11;
				GCC_NO_COMMON_BLOCKS = YES;
				GCC_WARN_64_TO_32_BIT_CONVERSION = YES;
				GCC_WARN_ABOUT_RETURN_TYPE = YES_ERROR;
				GCC_WARN_UNDECLARED_SELECTOR = YES;
				GCC_WARN_UNINITIALIZED_AUTOS = YES_AGGRESSIVE;
				GCC_WARN_UNUSED_FUNCTION = YES;
				GCC_WARN_UNUSED_VARIABLE = YES;
				IPHONEOS_DEPLOYMENT_TARGET = 13.2;
				MTL_ENABLE_DEBUG_INFO = NO;
				MTL_FAST_MATH = YES;
				SDKROOT = iphoneos;
				SWIFT_COMPILATION_MODE = wholemodule;
				SWIFT_OPTIMIZATION_LEVEL = "-O";
				VALIDATE_PRODUCT = YES;
			};
			name = Release;
		};
		5BE66310245FC43400D8F00E /* Debug */ = {
			isa = XCBuildConfiguration;
			buildSettings = {
				ASSETCATALOG_COMPILER_APPICON_NAME = AppIcon;
				CODE_SIGN_STYLE = Automatic;
				DEVELOPMENT_TEAM = D9GSYB333K;
				INFOPLIST_FILE = ToDoList/Info.plist;
				LD_RUNPATH_SEARCH_PATHS = (
					"$(inherited)",
					"@executable_path/Frameworks",
				);
				PRODUCT_BUNDLE_IDENTIFIER = feazej.ToDoList;
				PRODUCT_NAME = "$(TARGET_NAME)";
				SWIFT_VERSION = 5.0;
				TARGETED_DEVICE_FAMILY = "1,2";
			};
			name = Debug;
		};
		5BE66311245FC43400D8F00E /* Release */ = {
			isa = XCBuildConfiguration;
			buildSettings = {
				ASSETCATALOG_COMPILER_APPICON_NAME = AppIcon;
				CODE_SIGN_STYLE = Automatic;
				DEVELOPMENT_TEAM = D9GSYB333K;
				INFOPLIST_FILE = ToDoList/Info.plist;
				LD_RUNPATH_SEARCH_PATHS = (
					"$(inherited)",
					"@executable_path/Frameworks",
				);
				PRODUCT_BUNDLE_IDENTIFIER = feazej.ToDoList;
				PRODUCT_NAME = "$(TARGET_NAME)";
				SWIFT_VERSION = 5.0;
				TARGETED_DEVICE_FAMILY = "1,2";
			};
			name = Release;
		};
		5BE66313245FC43400D8F00E /* Debug */ = {
			isa = XCBuildConfiguration;
			buildSettings = {
				ALWAYS_EMBED_SWIFT_STANDARD_LIBRARIES = YES;
				BUNDLE_LOADER = "$(TEST_HOST)";
				CODE_SIGN_STYLE = Automatic;
				DEVELOPMENT_TEAM = D9GSYB333K;
				INFOPLIST_FILE = ToDoListTests/Info.plist;
				IPHONEOS_DEPLOYMENT_TARGET = 13.2;
				LD_RUNPATH_SEARCH_PATHS = (
					"$(inherited)",
					"@executable_path/Frameworks",
					"@loader_path/Frameworks",
				);
				PRODUCT_BUNDLE_IDENTIFIER = feazej.ToDoListTests;
				PRODUCT_NAME = "$(TARGET_NAME)";
				SWIFT_VERSION = 5.0;
				TARGETED_DEVICE_FAMILY = "1,2";
				TEST_HOST = "$(BUILT_PRODUCTS_DIR)/ToDoList.app/ToDoList";
			};
			name = Debug;
		};
		5BE66314245FC43400D8F00E /* Release */ = {
			isa = XCBuildConfiguration;
			buildSettings = {
				ALWAYS_EMBED_SWIFT_STANDARD_LIBRARIES = YES;
				BUNDLE_LOADER = "$(TEST_HOST)";
				CODE_SIGN_STYLE = Automatic;
				DEVELOPMENT_TEAM = D9GSYB333K;
				INFOPLIST_FILE = ToDoListTests/Info.plist;
				IPHONEOS_DEPLOYMENT_TARGET = 13.2;
				LD_RUNPATH_SEARCH_PATHS = (
					"$(inherited)",
					"@executable_path/Frameworks",
					"@loader_path/Frameworks",
				);
				PRODUCT_BUNDLE_IDENTIFIER = feazej.ToDoListTests;
				PRODUCT_NAME = "$(TARGET_NAME)";
				SWIFT_VERSION = 5.0;
				TARGETED_DEVICE_FAMILY = "1,2";
				TEST_HOST = "$(BUILT_PRODUCTS_DIR)/ToDoList.app/ToDoList";
			};
			name = Release;
		};
		5BE66316245FC43400D8F00E /* Debug */ = {
			isa = XCBuildConfiguration;
			buildSettings = {
				ALWAYS_EMBED_SWIFT_STANDARD_LIBRARIES = YES;
				CODE_SIGN_STYLE = Automatic;
				DEVELOPMENT_TEAM = D9GSYB333K;
				INFOPLIST_FILE = ToDoListUITests/Info.plist;
				LD_RUNPATH_SEARCH_PATHS = (
					"$(inherited)",
					"@executable_path/Frameworks",
					"@loader_path/Frameworks",
				);
				PRODUCT_BUNDLE_IDENTIFIER = feazej.ToDoListUITests;
				PRODUCT_NAME = "$(TARGET_NAME)";
				SWIFT_VERSION = 5.0;
				TARGETED_DEVICE_FAMILY = "1,2";
				TEST_TARGET_NAME = ToDoList;
			};
			name = Debug;
		};
		5BE66317245FC43400D8F00E /* Release */ = {
			isa = XCBuildConfiguration;
			buildSettings = {
				ALWAYS_EMBED_SWIFT_STANDARD_LIBRARIES = YES;
				CODE_SIGN_STYLE = Automatic;
				DEVELOPMENT_TEAM = D9GSYB333K;
				INFOPLIST_FILE = ToDoListUITests/Info.plist;
				LD_RUNPATH_SEARCH_PATHS = (
					"$(inherited)",
					"@executable_path/Frameworks",
					"@loader_path/Frameworks",
				);
				PRODUCT_BUNDLE_IDENTIFIER = feazej.ToDoListUITests;
				PRODUCT_NAME = "$(TARGET_NAME)";
				SWIFT_VERSION = 5.0;
				TARGETED_DEVICE_FAMILY = "1,2";
				TEST_TARGET_NAME = ToDoList;
			};
			name = Release;
		};
/* End XCBuildConfiguration section */

/* Begin XCConfigurationList section */
		5BE662E0245FC43000D8F00E /* Build configuration list for PBXProject "ToDoList" */ = {
			isa = XCConfigurationList;
			buildConfigurations = (
				5BE6630D245FC43400D8F00E /* Debug */,
				5BE6630E245FC43400D8F00E /* Release */,
			);
			defaultConfigurationIsVisible = 0;
			defaultConfigurationName = Release;
		};
		5BE6630F245FC43400D8F00E /* Build configuration list for PBXNativeTarget "ToDoList" */ = {
			isa = XCConfigurationList;
			buildConfigurations = (
				5BE66310245FC43400D8F00E /* Debug */,
				5BE66311245FC43400D8F00E /* Release */,
			);
			defaultConfigurationIsVisible = 0;
			defaultConfigurationName = Release;
		};
		5BE66312245FC43400D8F00E /* Build configuration list for PBXNativeTarget "ToDoListTests" */ = {
			isa = XCConfigurationList;
			buildConfigurations = (
				5BE66313245FC43400D8F00E /* Debug */,
				5BE66314245FC43400D8F00E /* Release */,
			);
			defaultConfigurationIsVisible = 0;
			defaultConfigurationName = Release;
		};
		5BE66315245FC43400D8F00E /* Build configuration list for PBXNativeTarget "ToDoListUITests" */ = {
			isa = XCConfigurationList;
			buildConfigurations = (
				5BE66316245FC43400D8F00E /* Debug */,
				5BE66317245FC43400D8F00E /* Release */,
			);
			defaultConfigurationIsVisible = 0;
			defaultConfigurationName = Release;
		};
/* End XCConfigurationList section */
	};
	rootObject = 5BE662DD245FC43000D8F00E /* Project object */;
}
